// !$*UTF8*$!
{
	archiveVersion = 1;
	classes = {
	};
	objectVersion = 46;
	objects = {

/* Begin PBXBuildFile section */
		078CF4B11A247661007BA762 /* 58.png in Resources */ = {isa = PBXBuildFile; fileRef = 078CF4AE1A247661007BA762 /* 58.png */; };
		078CF4B21A247661007BA762 /* 80.png in Resources */ = {isa = PBXBuildFile; fileRef = 078CF4AF1A247661007BA762 /* 80.png */; };
		078CF4B31A247661007BA762 /* 120.png in Resources */ = {isa = PBXBuildFile; fileRef = 078CF4B01A247661007BA762 /* 120.png */; };
		078CF4BB1A247C31007BA762 /* piggy_peak.png in Resources */ = {isa = PBXBuildFile; fileRef = 078CF4BA1A247C31007BA762 /* piggy_peak.png */; };
		078CF8551A2411C100E93A70 /* Foundation.framework in Frameworks */ = {isa = PBXBuildFile; fileRef = 078CF8541A2411C100E93A70 /* Foundation.framework */; };
		078CF8571A2411C100E93A70 /* CoreGraphics.framework in Frameworks */ = {isa = PBXBuildFile; fileRef = 078CF8561A2411C100E93A70 /* CoreGraphics.framework */; };
		078CF8591A2411C100E93A70 /* UIKit.framework in Frameworks */ = {isa = PBXBuildFile; fileRef = 078CF8581A2411C100E93A70 /* UIKit.framework */; };
		078CF85F1A2411C100E93A70 /* InfoPlist.strings in Resources */ = {isa = PBXBuildFile; fileRef = 078CF85D1A2411C100E93A70 /* InfoPlist.strings */; };
		078CF8611A2411C100E93A70 /* main.m in Sources */ = {isa = PBXBuildFile; fileRef = 078CF8601A2411C100E93A70 /* main.m */; };
		078CF8651A2411C100E93A70 /* AppDelegate.m in Sources */ = {isa = PBXBuildFile; fileRef = 078CF8641A2411C100E93A70 /* AppDelegate.m */; };
		078CF8671A2411C100E93A70 /* Images.xcassets in Resources */ = {isa = PBXBuildFile; fileRef = 078CF8661A2411C100E93A70 /* Images.xcassets */; };
		078CF86E1A2411C100E93A70 /* XCTest.framework in Frameworks */ = {isa = PBXBuildFile; fileRef = 078CF86D1A2411C100E93A70 /* XCTest.framework */; };
		078CF86F1A2411C100E93A70 /* Foundation.framework in Frameworks */ = {isa = PBXBuildFile; fileRef = 078CF8541A2411C100E93A70 /* Foundation.framework */; };
		078CF8701A2411C100E93A70 /* UIKit.framework in Frameworks */ = {isa = PBXBuildFile; fileRef = 078CF8581A2411C100E93A70 /* UIKit.framework */; };
		078CF8781A2411C100E93A70 /* InfoPlist.strings in Resources */ = {isa = PBXBuildFile; fileRef = 078CF8761A2411C100E93A70 /* InfoPlist.strings */; };
		078CF87A1A2411C100E93A70 /* NoteTakingTests.m in Sources */ = {isa = PBXBuildFile; fileRef = 078CF8791A2411C100E93A70 /* NoteTakingTests.m */; };
		078CF8841A2411E500E93A70 /* note.plist in Resources */ = {isa = PBXBuildFile; fileRef = 078CF8831A2411E500E93A70 /* note.plist */; };
		078CF8881A24124E00E93A70 /* Main.storyboard in Resources */ = {isa = PBXBuildFile; fileRef = 078CF8871A24124E00E93A70 /* Main.storyboard */; };
		078CF88B1A2413C100E93A70 /* HomeViewController.m in Sources */ = {isa = PBXBuildFile; fileRef = 078CF88A1A2413C100E93A70 /* HomeViewController.m */; };
		078CF88E1A2415BF00E93A70 /* NoteTableViewController.m in Sources */ = {isa = PBXBuildFile; fileRef = 078CF88D1A2415BF00E93A70 /* NoteTableViewController.m */; };
		078CF8911A241E3D00E93A70 /* EditViewController.m in Sources */ = {isa = PBXBuildFile; fileRef = 078CF8901A241E3D00E93A70 /* EditViewController.m */; };
/* End PBXBuildFile section */

/* Begin PBXContainerItemProxy section */
		078CF8711A2411C100E93A70 /* PBXContainerItemProxy */ = {
			isa = PBXContainerItemProxy;
			containerPortal = 078CF8491A2411C100E93A70 /* Project object */;
			proxyType = 1;
			remoteGlobalIDString = 078CF8501A2411C100E93A70;
			remoteInfo = NoteTaking;
		};
/* End PBXContainerItemProxy section */

/* Begin PBXFileReference section */
		078CF4AE1A247661007BA762 /* 58.png */ = {isa = PBXFileReference; lastKnownFileType = image.png; path = 58.png; sourceTree = "<group>"; };
		078CF4AF1A247661007BA762 /* 80.png */ = {isa = PBXFileReference; lastKnownFileType = image.png; path = 80.png; sourceTree = "<group>"; };
		078CF4B01A247661007BA762 /* 120.png */ = {isa = PBXFileReference; lastKnownFileType = image.png; path = 120.png; sourceTree = "<group>"; };
		078CF4BA1A247C31007BA762 /* piggy_peak.png */ = {isa = PBXFileReference; lastKnownFileType = image.png; path = piggy_peak.png; sourceTree = "<group>"; };
		078CF8511A2411C100E93A70 /* NoteTaking.app */ = {isa = PBXFileReference; explicitFileType = wrapper.application; includeInIndex = 0; path = NoteTaking.app; sourceTree = BUILT_PRODUCTS_DIR; };
		078CF8541A2411C100E93A70 /* Foundation.framework */ = {isa = PBXFileReference; lastKnownFileType = wrapper.framework; name = Foundation.framework; path = System/Library/Frameworks/Foundation.framework; sourceTree = SDKROOT; };
		078CF8561A2411C100E93A70 /* CoreGraphics.framework */ = {isa = PBXFileReference; lastKnownFileType = wrapper.framework; name = CoreGraphics.framework; path = System/Library/Frameworks/CoreGraphics.framework; sourceTree = SDKROOT; };
		078CF8581A2411C100E93A70 /* UIKit.framework */ = {isa = PBXFileReference; lastKnownFileType = wrapper.framework; name = UIKit.framework; path = System/Library/Frameworks/UIKit.framework; sourceTree = SDKROOT; };
		078CF85C1A2411C100E93A70 /* NoteTaking-Info.plist */ = {isa = PBXFileReference; lastKnownFileType = text.plist.xml; path = "NoteTaking-Info.plist"; sourceTree = "<group>"; };
		078CF85E1A2411C100E93A70 /* en */ = {isa = PBXFileReference; lastKnownFileType = text.plist.strings; name = en; path = en.lproj/InfoPlist.strings; sourceTree = "<group>"; };
		078CF8601A2411C100E93A70 /* main.m */ = {isa = PBXFileReference; lastKnownFileType = sourcecode.c.objc; path = main.m; sourceTree = "<group>"; };
		078CF8621A2411C100E93A70 /* NoteTaking-Prefix.pch */ = {isa = PBXFileReference; lastKnownFileType = sourcecode.c.h; path = "NoteTaking-Prefix.pch"; sourceTree = "<group>"; };
		078CF8631A2411C100E93A70 /* AppDelegate.h */ = {isa = PBXFileReference; lastKnownFileType = sourcecode.c.h; path = AppDelegate.h; sourceTree = "<group>"; };
		078CF8641A2411C100E93A70 /* AppDelegate.m */ = {isa = PBXFileReference; lastKnownFileType = sourcecode.c.objc; path = AppDelegate.m; sourceTree = "<group>"; };
		078CF8661A2411C100E93A70 /* Images.xcassets */ = {isa = PBXFileReference; lastKnownFileType = folder.assetcatalog; path = Images.xcassets; sourceTree = "<group>"; };
		078CF86C1A2411C100E93A70 /* NoteTakingTests.xctest */ = {isa = PBXFileReference; explicitFileType = wrapper.cfbundle; includeInIndex = 0; path = NoteTakingTests.xctest; sourceTree = BUILT_PRODUCTS_DIR; };
		078CF86D1A2411C100E93A70 /* XCTest.framework */ = {isa = PBXFileReference; lastKnownFileType = wrapper.framework; name = XCTest.framework; path = Library/Frameworks/XCTest.framework; sourceTree = DEVELOPER_DIR; };
		078CF8751A2411C100E93A70 /* NoteTakingTests-Info.plist */ = {isa = PBXFileReference; lastKnownFileType = text.plist.xml; path = "NoteTakingTests-Info.plist"; sourceTree = "<group>"; };
		078CF8771A2411C100E93A70 /* en */ = {isa = PBXFileReference; lastKnownFileType = text.plist.strings; name = en; path = en.lproj/InfoPlist.strings; sourceTree = "<group>"; };
		078CF8791A2411C100E93A70 /* NoteTakingTests.m */ = {isa = PBXFileReference; lastKnownFileType = sourcecode.c.objc; path = NoteTakingTests.m; sourceTree = "<group>"; };
		078CF8831A2411E500E93A70 /* note.plist */ = {isa = PBXFileReference; fileEncoding = 4; lastKnownFileType = text.plist.xml; name = note.plist; path = ../note.plist; sourceTree = "<group>"; };
		078CF8871A24124E00E93A70 /* Main.storyboard */ = {isa = PBXFileReference; fileEncoding = 4; lastKnownFileType = file.storyboard; path = Main.storyboard; sourceTree = "<group>"; };
		078CF8891A2413C100E93A70 /* HomeViewController.h */ = {isa = PBXFileReference; fileEncoding = 4; lastKnownFileType = sourcecode.c.h; path = HomeViewController.h; sourceTree = "<group>"; };
		078CF88A1A2413C100E93A70 /* HomeViewController.m */ = {isa = PBXFileReference; fileEncoding = 4; lastKnownFileType = sourcecode.c.objc; path = HomeViewController.m; sourceTree = "<group>"; };
		078CF88C1A2415BF00E93A70 /* NoteTableViewController.h */ = {isa = PBXFileReference; fileEncoding = 4; lastKnownFileType = sourcecode.c.h; path = NoteTableViewController.h; sourceTree = "<group>"; };
		078CF88D1A2415BF00E93A70 /* NoteTableViewController.m */ = {isa = PBXFileReference; fileEncoding = 4; lastKnownFileType = sourcecode.c.objc; path = NoteTableViewController.m; sourceTree = "<group>"; };
		078CF88F1A241E3D00E93A70 /* EditViewController.h */ = {isa = PBXFileReference; fileEncoding = 4; lastKnownFileType = sourcecode.c.h; path = EditViewController.h; sourceTree = "<group>"; };
		078CF8901A241E3D00E93A70 /* EditViewController.m */ = {isa = PBXFileReference; fileEncoding = 4; lastKnownFileType = sourcecode.c.objc; path = EditViewController.m; sourceTree = "<group>"; };
/* End PBXFileReference section */

/* Begin PBXFrameworksBuildPhase section */
		078CF84E1A2411C100E93A70 /* Frameworks */ = {
			isa = PBXFrameworksBuildPhase;
			buildActionMask = 2147483647;
			files = (
				078CF8571A2411C100E93A70 /* CoreGraphics.framework in Frameworks */,
				078CF8591A2411C100E93A70 /* UIKit.framework in Frameworks */,
				078CF8551A2411C100E93A70 /* Foundation.framework in Frameworks */,
			);
			runOnlyForDeploymentPostprocessing = 0;
		};
		078CF8691A2411C100E93A70 /* Frameworks */ = {
			isa = PBXFrameworksBuildPhase;
			buildActionMask = 2147483647;
			files = (
				078CF86E1A2411C100E93A70 /* XCTest.framework in Frameworks */,
				078CF8701A2411C100E93A70 /* UIKit.framework in Frameworks */,
				078CF86F1A2411C100E93A70 /* Foundation.framework in Frameworks */,
			);
			runOnlyForDeploymentPostprocessing = 0;
		};
/* End PBXFrameworksBuildPhase section */

/* Begin PBXGroup section */
		078CF8481A2411C100E93A70 = {
			isa = PBXGroup;
			children = (
				078CF85A1A2411C100E93A70 /* NoteTaking */,
				078CF8731A2411C100E93A70 /* NoteTakingTests */,
				078CF8531A2411C100E93A70 /* Frameworks */,
				078CF8521A2411C100E93A70 /* Products */,
			);
			sourceTree = "<group>";
		};
		078CF8521A2411C100E93A70 /* Products */ = {
			isa = PBXGroup;
			children = (
				078CF8511A2411C100E93A70 /* NoteTaking.app */,
				078CF86C1A2411C100E93A70 /* NoteTakingTests.xctest */,
			);
			name = Products;
			sourceTree = "<group>";
		};
		078CF8531A2411C100E93A70 /* Frameworks */ = {
			isa = PBXGroup;
			children = (
				078CF8541A2411C100E93A70 /* Foundation.framework */,
				078CF8561A2411C100E93A70 /* CoreGraphics.framework */,
				078CF8581A2411C100E93A70 /* UIKit.framework */,
				078CF86D1A2411C100E93A70 /* XCTest.framework */,
			);
			name = Frameworks;
			sourceTree = "<group>";
		};
		078CF85A1A2411C100E93A70 /* NoteTaking */ = {
			isa = PBXGroup;
			children = (
				078CF8831A2411E500E93A70 /* note.plist */,
				078CF8871A24124E00E93A70 /* Main.storyboard */,
				078CF8661A2411C100E93A70 /* Images.xcassets */,
				078CF8631A2411C100E93A70 /* AppDelegate.h */,
				078CF8641A2411C100E93A70 /* AppDelegate.m */,
				078CF8891A2413C100E93A70 /* HomeViewController.h */,
				078CF88A1A2413C100E93A70 /* HomeViewController.m */,
				078CF88C1A2415BF00E93A70 /* NoteTableViewController.h */,
				078CF88D1A2415BF00E93A70 /* NoteTableViewController.m */,
				078CF88F1A241E3D00E93A70 /* EditViewController.h */,
				078CF8901A241E3D00E93A70 /* EditViewController.m */,
				078CF85B1A2411C100E93A70 /* Supporting Files */,
			);
			path = NoteTaking;
			sourceTree = "<group>";
		};
		078CF85B1A2411C100E93A70 /* Supporting Files */ = {
			isa = PBXGroup;
			children = (
				078CF85C1A2411C100E93A70 /* NoteTaking-Info.plist */,
				078CF85D1A2411C100E93A70 /* InfoPlist.strings */,
				078CF8601A2411C100E93A70 /* main.m */,
				078CF8621A2411C100E93A70 /* NoteTaking-Prefix.pch */,
				078CF4AE1A247661007BA762 /* 58.png */,
				078CF4AF1A247661007BA762 /* 80.png */,
				078CF4B01A247661007BA762 /* 120.png */,
				078CF4BA1A247C31007BA762 /* piggy_peak.png */,
			);
			name = "Supporting Files";
			sourceTree = "<group>";
		};
		078CF8731A2411C100E93A70 /* NoteTakingTests */ = {
			isa = PBXGroup;
			children = (
				078CF8791A2411C100E93A70 /* NoteTakingTests.m */,
				078CF8741A2411C100E93A70 /* Supporting Files */,
			);
			path = NoteTakingTests;
			sourceTree = "<group>";
		};
		078CF8741A2411C100E93A70 /* Supporting Files */ = {
			isa = PBXGroup;
			children = (
				078CF8751A2411C100E93A70 /* NoteTakingTests-Info.plist */,
				078CF8761A2411C100E93A70 /* InfoPlist.strings */,
			);
			name = "Supporting Files";
			sourceTree = "<group>";
		};
/* End PBXGroup section */

/* Begin PBXNativeTarget section */
		078CF8501A2411C100E93A70 /* NoteTaking */ = {
			isa = PBXNativeTarget;
			buildConfigurationList = 078CF87D1A2411C100E93A70 /* Build configuration list for PBXNativeTarget "NoteTaking" */;
			buildPhases = (
				078CF84D1A2411C100E93A70 /* Sources */,
				078CF84E1A2411C100E93A70 /* Frameworks */,
				078CF84F1A2411C100E93A70 /* Resources */,
			);
			buildRules = (
			);
			dependencies = (
			);
			name = NoteTaking;
			productName = NoteTaking;
			productReference = 078CF8511A2411C100E93A70 /* NoteTaking.app */;
			productType = "com.apple.product-type.application";
		};
		078CF86B1A2411C100E93A70 /* NoteTakingTests */ = {
			isa = PBXNativeTarget;
			buildConfigurationList = 078CF8801A2411C100E93A70 /* Build configuration list for PBXNativeTarget "NoteTakingTests" */;
			buildPhases = (
				078CF8681A2411C100E93A70 /* Sources */,
				078CF8691A2411C100E93A70 /* Frameworks */,
				078CF86A1A2411C100E93A70 /* Resources */,
			);
			buildRules = (
			);
			dependencies = (
				078CF8721A2411C100E93A70 /* PBXTargetDependency */,
			);
			name = NoteTakingTests;
			productName = NoteTakingTests;
			productReference = 078CF86C1A2411C100E93A70 /* NoteTakingTests.xctest */;
			productType = "com.apple.product-type.bundle.unit-test";
		};
/* End PBXNativeTarget section */

/* Begin PBXProject section */
		078CF8491A2411C100E93A70 /* Project object */ = {
			isa = PBXProject;
			attributes = {
				LastUpgradeCheck = 0510;
				ORGANIZATIONNAME = "VTC PEAK";
				TargetAttributes = {
					078CF86B1A2411C100E93A70 = {
						TestTargetID = 078CF8501A2411C100E93A70;
					};
				};
			};
			buildConfigurationList = 078CF84C1A2411C100E93A70 /* Build configuration list for PBXProject "NoteTaking" */;
			compatibilityVersion = "Xcode 3.2";
			developmentRegion = English;
			hasScannedForEncodings = 0;
			knownRegions = (
				en,
			);
			mainGroup = 078CF8481A2411C100E93A70;
			productRefGroup = 078CF8521A2411C100E93A70 /* Products */;
			projectDirPath = "";
			projectRoot = "";
			targets = (
				078CF8501A2411C100E93A70 /* NoteTaking */,
				078CF86B1A2411C100E93A70 /* NoteTakingTests */,
			);
		};
/* End PBXProject section */

/* Begin PBXResourcesBuildPhase section */
		078CF84F1A2411C100E93A70 /* Resources */ = {
			isa = PBXResourcesBuildPhase;
			buildActionMask = 2147483647;
			files = (
				078CF8841A2411E500E93A70 /* note.plist in Resources */,
				078CF4B21A247661007BA762 /* 80.png in Resources */,
				078CF85F1A2411C100E93A70 /* InfoPlist.strings in Resources */,
				078CF4BB1A247C31007BA762 /* piggy_peak.png in Resources */,
				078CF8671A2411C100E93A70 /* Images.xcassets in Resources */,
				078CF4B31A247661007BA762 /* 120.png in Resources */,
				078CF4B11A247661007BA762 /* 58.png in Resources */,
				078CF8881A24124E00E93A70 /* Main.storyboard in Resources */,
			);
			runOnlyForDeploymentPostprocessing = 0;
		};
		078CF86A1A2411C100E93A70 /* Resources */ = {
			isa = PBXResourcesBuildPhase;
			buildActionMask = 2147483647;
			files = (
				078CF8781A2411C100E93A70 /* InfoPlist.strings in Resources */,
			);
			runOnlyForDeploymentPostprocessing = 0;
		};
/* End PBXResourcesBuildPhase section */

/* Begin PBXSourcesBuildPhase section */
		078CF84D1A2411C100E93A70 /* Sources */ = {
			isa = PBXSourcesBuildPhase;
			buildActionMask = 2147483647;
			files = (
				078CF8651A2411C100E93A70 /* AppDelegate.m in Sources */,
				078CF88E1A2415BF00E93A70 /* NoteTableViewController.m in Sources */,
				078CF8611A2411C100E93A70 /* main.m in Sources */,
				078CF88B1A2413C100E93A70 /* HomeViewController.m in Sources */,
				078CF8911A241E3D00E93A70 /* EditViewController.m in Sources */,
			);
			runOnlyForDeploymentPostprocessing = 0;
		};
		078CF8681A2411C100E93A70 /* Sources */ = {
			isa = PBXSourcesBuildPhase;
			buildActionMask = 2147483647;
			files = (
				078CF87A1A2411C100E93A70 /* NoteTakingTests.m in Sources */,
			);
			runOnlyForDeploymentPostprocessing = 0;
		};
/* End PBXSourcesBuildPhase section */

/* Begin PBXTargetDependency section */
		078CF8721A2411C100E93A70 /* PBXTargetDependency */ = {
			isa = PBXTargetDependency;
			target = 078CF8501A2411C100E93A70 /* NoteTaking */;
			targetProxy = 078CF8711A2411C100E93A70 /* PBXContainerItemProxy */;
		};
/* End PBXTargetDependency section */

/* Begin PBXVariantGroup section */
		078CF85D1A2411C100E93A70 /* InfoPlist.strings */ = {
			isa = PBXVariantGroup;
			children = (
				078CF85E1A2411C100E93A70 /* en */,
			);
			name = InfoPlist.strings;
			sourceTree = "<group>";
		};
		078CF8761A2411C100E93A70 /* InfoPlist.strings */ = {
			isa = PBXVariantGroup;
			children = (
				078CF8771A2411C100E93A70 /* en */,
			);
			name = InfoPlist.strings;
			sourceTree = "<group>";
		};
/* End PBXVariantGroup section */

/* Begin XCBuildConfiguration section */
		078CF87B1A2411C100E93A70 /* Debug */ = {
			isa = XCBuildConfiguration;
			buildSettings = {
				ALWAYS_SEARCH_USER_PATHS = NO;
				CLANG_CXX_LANGUAGE_STANDARD = "gnu++0x";
				CLANG_CXX_LIBRARY = "libc++";
				CLANG_ENABLE_MODULES = YES;
				CLANG_ENABLE_OBJC_ARC = YES;
				CLANG_WARN_BOOL_CONVERSION = YES;
				CLANG_WARN_CONSTANT_CONVERSION = YES;
				CLANG_WARN_DIRECT_OBJC_ISA_USAGE = YES_ERROR;
				CLANG_WARN_EMPTY_BODY = YES;
				CLANG_WARN_ENUM_CONVERSION = YES;
				CLANG_WARN_INT_CONVERSION = YES;
				CLANG_WARN_OBJC_ROOT_CLASS = YES_ERROR;
				CLANG_WARN__DUPLICATE_METHOD_MATCH = YES;
				"CODE_SIGN_IDENTITY[sdk=iphoneos*]" = "iPhone Developer";
				COPY_PHASE_STRIP = NO;
				GCC_C_LANGUAGE_STANDARD = gnu99;
				GCC_DYNAMIC_NO_PIC = NO;
				GCC_OPTIMIZATION_LEVEL = 0;
				GCC_PREPROCESSOR_DEFINITIONS = (
					"DEBUG=1",
					"$(inherited)",
				);
				GCC_SYMBOLS_PRIVATE_EXTERN = NO;
				GCC_WARN_64_TO_32_BIT_CONVERSION = YES;
				GCC_WARN_ABOUT_RETURN_TYPE = YES_ERROR;
				GCC_WARN_UNDECLARED_SELECTOR = YES;
				GCC_WARN_UNINITIALIZED_AUTOS = YES_AGGRESSIVE;
				GCC_WARN_UNUSED_FUNCTION = YES;
				GCC_WARN_UNUSED_VARIABLE = YES;
				IPHONEOS_DEPLOYMENT_TARGET = 7.1;
				ONLY_ACTIVE_ARCH = YES;
				SDKROOT = iphoneos;
			};
			name = Debug;
		};
		078CF87C1A2411C100E93A70 /* Release */ = {
			isa = XCBuildConfiguration;
			buildSettings = {
				ALWAYS_SEARCH_USER_PATHS = NO;
				CLANG_CXX_LANGUAGE_STANDARD = "gnu++0x";
				CLANG_CXX_LIBRARY = "libc++";
				CLANG_ENABLE_MODULES = YES;
				CLANG_ENABLE_OBJC_ARC = YES;
				CLANG_WARN_BOOL_CONVERSION = YES;
				CLANG_WARN_CONSTANT_CONVERSION = YES;
				CLANG_WARN_DIRECT_OBJC_ISA_USAGE = YES_ERROR;
				CLANG_WARN_EMPTY_BODY = YES;
				CLANG_WARN_ENUM_CONVERSION = YES;
				CLANG_WARN_INT_CONVERSION = YES;
				CLANG_WARN_OBJC_ROOT_CLASS = YES_ERROR;
				CLANG_WARN__DUPLICATE_METHOD_MATCH = YES;
				"CODE_SIGN_IDENTITY[sdk=iphoneos*]" = "iPhone Developer";
				COPY_PHASE_STRIP = YES;
				ENABLE_NS_ASSERTIONS = NO;
				GCC_C_LANGUAGE_STANDARD = gnu99;
				GCC_WARN_64_TO_32_BIT_CONVERSION = YES;
				GCC_WARN_ABOUT_RETURN_TYPE = YES_ERROR;
				GCC_WARN_UNDECLARED_SELECTOR = YES;
				GCC_WARN_UNINITIALIZED_AUTOS = YES_AGGRESSIVE;
				GCC_WARN_UNUSED_FUNCTION = YES;
				GCC_WARN_UNUSED_VARIABLE = YES;
				IPHONEOS_DEPLOYMENT_TARGET = 7.1;
				SDKROOT = iphoneos;
				VALIDATE_PRODUCT = YES;
			};
			name = Release;
		};
		078CF87E1A2411C100E93A70 /* Debug */ = {
			isa = XCBuildConfiguration;
			buildSettings = {
				ASSETCATALOG_COMPILER_APPICON_NAME = AppIcon;
				ASSETCATALOG_COMPILER_LAUNCHIMAGE_NAME = LaunchImage;
				GCC_PRECOMPILE_PREFIX_HEADER = YES;
				GCC_PREFIX_HEADER = "NoteTaking/NoteTaking-Prefix.pch";
				INFOPLIST_FILE = "NoteTaking/NoteTaking-Info.plist";
				PRODUCT_NAME = "$(TARGET_NAME)";
				WRAPPER_EXTENSION = app;
			};
			name = Debug;
		};
		078CF87F1A2411C100E93A70 /* Release */ = {
			isa = XCBuildConfiguration;
			buildSettings = {
				ASSETCATALOG_COMPILER_APPICON_NAME = AppIcon;
				ASSETCATALOG_COMPILER_LAUNCHIMAGE_NAME = LaunchImage;
				GCC_PRECOMPILE_PREFIX_HEADER = YES;
				GCC_PREFIX_HEADER = "NoteTaking/NoteTaking-Prefix.pch";
				INFOPLIST_FILE = "NoteTaking/NoteTaking-Info.plist";
				PRODUCT_NAME = "$(TARGET_NAME)";
				WRAPPER_EXTENSION = app;
			};
			name = Release;
		};
		078CF8811A2411C100E93A70 /* Debug */ = {
			isa = XCBuildConfiguration;
			buildSettings = {
				BUNDLE_LOADER = "$(BUILT_PRODUCTS_DIR)/NoteTaking.app/NoteTaking";
				FRAMEWORK_SEARCH_PATHS = (
					"$(SDKROOT)/Developer/Library/Frameworks",
					"$(inherited)",
					"$(DEVELOPER_FRAMEWORKS_DIR)",
				);
				GCC_PRECOMPILE_PREFIX_HEADER = YES;
				GCC_PREFIX_HEADER = "NoteTaking/NoteTaking-Prefix.pch";
				GCC_PREPROCESSOR_DEFINITIONS = (
					"DEBUG=1",
					"$(inherited)",
				);
				INFOPLIST_FILE = "NoteTakingTests/NoteTakingTests-Info.plist";
				PRODUCT_NAME = "$(TARGET_NAME)";
				TEST_HOST = "$(BUNDLE_LOADER)";
				WRAPPER_EXTENSION = xctest;
			};
			name = Debug;
		};
		078CF8821A2411C100E93A70 /* Release */ = {
			isa = XCBuildConfiguration;
			buildSettings = {
				BUNDLE_LOADER = "$(BUILT_PRODUCTS_DIR)/NoteTaking.app/NoteTaking";
				FRAMEWORK_SEARCH_PATHS = (
					"$(SDKROOT)/Developer/Library/Frameworks",
					"$(inherited)",
					"$(DEVELOPER_FRAMEWORKS_DIR)",
				);
				GCC_PRECOMPILE_PREFIX_HEADER = YES;
				GCC_PREFIX_HEADER = "NoteTaking/NoteTaking-Prefix.pch";
				INFOPLIST_FILE = "NoteTakingTests/NoteTakingTests-Info.plist";
				PRODUCT_NAME = "$(TARGET_NAME)";
				TEST_HOST = "$(BUNDLE_LOADER)";
				WRAPPER_EXTENSION = xctest;
			};
			name = Release;
		};
/* End XCBuildConfiguration section */

/* Begin XCConfigurationList section */
		078CF84C1A2411C100E93A70 /* Build configuration list for PBXProject "NoteTaking" */ = {
			isa = XCConfigurationList;
			buildConfigurations = (
				078CF87B1A2411C100E93A70 /* Debug */,
				078CF87C1A2411C100E93A70 /* Release */,
			);
			defaultConfigurationIsVisible = 0;
			defaultConfigurationName = Release;
		};
		078CF87D1A2411C100E93A70 /* Build configuration list for PBXNativeTarget "NoteTaking" */ = {
			isa = XCConfigurationList;
			buildConfigurations = (
				078CF87E1A2411C100E93A70 /* Debug */,
				078CF87F1A2411C100E93A70 /* Release */,
			);
			defaultConfigurationIsVisible = 0;
			defaultConfigurationName = Release;
		};
		078CF8801A2411C100E93A70 /* Build configuration list for PBXNativeTarget "NoteTakingTests" */ = {
			isa = XCConfigurationList;
			buildConfigurations = (
				078CF8811A2411C100E93A70 /* Debug */,
				078CF8821A2411C100E93A70 /* Release */,
			);
			defaultConfigurationIsVisible = 0;
			defaultConfigurationName = Release;
		};
/* End XCConfigurationList section */
	};
	rootObject = 078CF8491A2411C100E93A70 /* Project object */;
}
